
Microsoft Visual Studio Solution File, Format Version 12.00
# Visual Studio Version 16
VisualStudioVersion = 16.0.31402.337
MinimumVisualStudioVersion = 10.0.40219.1
Project("{FAE04EC0-301F-11D3-BF4B-00C04F79EFBC}") = "MuckApi", "MuckAPI\MuckApi.csproj", "{A1C51414-A11E-486C-8BB3-D9DFA4724701}"
EndProject
Global
	GlobalSection(SolutionConfigurationPlatforms) = preSolution
		Release|Any CPU = Release|Any CPU
	EndGlobalSection
	GlobalSection(ProjectConfigurationPlatforms) = postSolution
		{A1C51414-A11E-486C-8BB3-D9DFA4724701}.Release|Any CPU.ActiveCfg = Release|Any CPU
		{A1C51414-A11E-486C-8BB3-D9DFA4724701}.Release|Any CPU.Build.0 = Release|Any CPU
	EndGlobalSection
	GlobalSection(SolutionProperties) = preSolution
		HideSolutionNode = FALSE
	EndGlobalSection
	GlobalSection(ExtensibilityGlobals) = postSolution
		SolutionGuid = {B6EBD489-0721-4210-B076-55B441018A0A}
	EndGlobalSection
EndGlobal
